{
  "name": "semver-ts",
  "version": "5.7.1",
  "lockfileVersion": 1,
  "requires": true,
  "dependencies": {
    "@types/node": {
      "version": "4.9.3",
      "resolved": "https://registry.npmjs.org/@types/node/-/node-4.9.3.tgz",
      "integrity": "sha512-Q9eESThBvAbfEzznF1qTAKUoPbJEbK3lTSO0S3mICvmG/vUSZ+HnCtidpuB58Po7CJt5A2goKsDiYScN8d1V4A==",
      "dev": true
    },
    "@types/tape": {
      "version": "4.13.2",
      "resolved": "https://registry.npmjs.org/@types/tape/-/tape-4.13.2.tgz",
      "integrity": "sha512-V1ez/RtYRGN9cNYApw5xf27DpMkTB0033X6a2i3KUmKhSojBfbWN0i3EgZxboUG96WJLHLdOyZ01aiZwVW5aSA==",
      "dev": true,
      "requires": {
        "@types/node": "*"
      }
    },
    "tape": {
      "version": "git+https://git@github.com/thachnn/bundled.git#tape-4.16.2",
      "from": "tape@thachnn/bundled#tape-4.16.2",
      "dev": true
    },
    "typescript": {
      "version": "3.4.5",
      "resolved": "https://registry.npmjs.org/typescript/-/typescript-3.4.5.tgz",
      "integrity": "sha512-YycBxUb49UUhdNMU5aJ7z5Ej2XGmaIBL0x34vZ82fn3hGvD+bgrMrVDpatgz2f7YxUMJxMkbWxJZeAvDxVe7Vw==",
      "dev": true
    }
  }
}
